// !$*UTF8*$!
{
	archiveVersion = 1;
	classes = {
	};
	objectVersion = 50;
	objects = {

/* Begin PBXBuildFile section */
		84B2773E25FFBCEA00EA550D /* AppDelegate.m in Sources */ = {isa = PBXBuildFile; fileRef = 84B2773D25FFBCEA00EA550D /* AppDelegate.m */; };
		84B2774425FFBCEA00EA550D /* ListViewController.m in Sources */ = {isa = PBXBuildFile; fileRef = 84B2774325FFBCEA00EA550D /* ListViewController.m */; };
		84B2774925FFBCEB00EA550D /* Assets.xcassets in Resources */ = {isa = PBXBuildFile; fileRef = 84B2774825FFBCEB00EA550D /* Assets.xcassets */; };
		84B2774C25FFBCEB00EA550D /* LaunchScreen.storyboard in Resources */ = {isa = PBXBuildFile; fileRef = 84B2774A25FFBCEB00EA550D /* LaunchScreen.storyboard */; };
		84B2774F25FFBCEB00EA550D /* main.m in Sources */ = {isa = PBXBuildFile; fileRef = 84B2774E25FFBCEB00EA550D /* main.m */; };
		84B2775A25FFBD5F00EA550D /* NewsViewController.m in Sources */ = {isa = PBXBuildFile; fileRef = 84B2775925FFBD5F00EA550D /* NewsViewController.m */; };
		84B2776025FFBD9900EA550D /* NewsViewCell.m in Sources */ = {isa = PBXBuildFile; fileRef = 84B2775F25FFBD9900EA550D /* NewsViewCell.m */; };
		84B2776625FFC42900EA550D /* News.m in Sources */ = {isa = PBXBuildFile; fileRef = 84B2776525FFC42900EA550D /* News.m */; };
/* End PBXBuildFile section */

/* Begin PBXFileReference section */
		84B2773925FFBCEA00EA550D /* News List.app */ = {isa = PBXFileReference; explicitFileType = wrapper.application; includeInIndex = 0; path = "News List.app"; sourceTree = BUILT_PRODUCTS_DIR; };
		84B2773C25FFBCEA00EA550D /* AppDelegate.h */ = {isa = PBXFileReference; lastKnownFileType = sourcecode.c.h; path = AppDelegate.h; sourceTree = "<group>"; };
		84B2773D25FFBCEA00EA550D /* AppDelegate.m */ = {isa = PBXFileReference; lastKnownFileType = sourcecode.c.objc; path = AppDelegate.m; sourceTree = "<group>"; };
		84B2774225FFBCEA00EA550D /* ListViewController.h */ = {isa = PBXFileReference; lastKnownFileType = sourcecode.c.h; path = ListViewController.h; sourceTree = "<group>"; };
		84B2774325FFBCEA00EA550D /* ListViewController.m */ = {isa = PBXFileReference; lastKnownFileType = sourcecode.c.objc; path = ListViewController.m; sourceTree = "<group>"; };
		84B2774825FFBCEB00EA550D /* Assets.xcassets */ = {isa = PBXFileReference; lastKnownFileType = folder.assetcatalog; path = Assets.xcassets; sourceTree = "<group>"; };
		84B2774B25FFBCEB00EA550D /* Base */ = {isa = PBXFileReference; lastKnownFileType = file.storyboard; name = Base; path = Base.lproj/LaunchScreen.storyboard; sourceTree = "<group>"; };
		84B2774D25FFBCEB00EA550D /* Info.plist */ = {isa = PBXFileReference; lastKnownFileType = text.plist.xml; path = Info.plist; sourceTree = "<group>"; };
		84B2774E25FFBCEB00EA550D /* main.m */ = {isa = PBXFileReference; lastKnownFileType = sourcecode.c.objc; path = main.m; sourceTree = "<group>"; };
		84B2775825FFBD5F00EA550D /* NewsViewController.h */ = {isa = PBXFileReference; lastKnownFileType = sourcecode.c.h; path = NewsViewController.h; sourceTree = "<group>"; };
		84B2775925FFBD5F00EA550D /* NewsViewController.m */ = {isa = PBXFileReference; lastKnownFileType = sourcecode.c.objc; path = NewsViewController.m; sourceTree = "<group>"; };
		84B2775E25FFBD9900EA550D /* NewsViewCell.h */ = {isa = PBXFileReference; lastKnownFileType = sourcecode.c.h; path = NewsViewCell.h; sourceTree = "<group>"; };
		84B2775F25FFBD9900EA550D /* NewsViewCell.m */ = {isa = PBXFileReference; lastKnownFileType = sourcecode.c.objc; path = NewsViewCell.m; sourceTree = "<group>"; };
		84B2776425FFC42900EA550D /* News.h */ = {isa = PBXFileReference; lastKnownFileType = sourcecode.c.h; path = News.h; sourceTree = "<group>"; };
		84B2776525FFC42900EA550D /* News.m */ = {isa = PBXFileReference; lastKnownFileType = sourcecode.c.objc; path = News.m; sourceTree = "<group>"; };
/* End PBXFileReference section */

/* Begin PBXFrameworksBuildPhase section */
		84B2773625FFBCEA00EA550D /* Frameworks */ = {
			isa = PBXFrameworksBuildPhase;
			buildActionMask = 2147483647;
			files = (
			);
			runOnlyForDeploymentPostprocessing = 0;
		};
/* End PBXFrameworksBuildPhase section */

/* Begin PBXGroup section */
		84B2773025FFBCEA00EA550D = {
			isa = PBXGroup;
			children = (
				84B2773B25FFBCEA00EA550D /* News List */,
				84B2773A25FFBCEA00EA550D /* Products */,
			);
			sourceTree = "<group>";
		};
		84B2773A25FFBCEA00EA550D /* Products */ = {
			isa = PBXGroup;
			children = (
				84B2773925FFBCEA00EA550D /* News List.app */,
			);
			name = Products;
			sourceTree = "<group>";
		};
		84B2773B25FFBCEA00EA550D /* News List */ = {
			isa = PBXGroup;
			children = (
				84B2776325FFC41300EA550D /* Model */,
				84B2775D25FFBD7700EA550D /* Cell */,
				84B2773C25FFBCEA00EA550D /* AppDelegate.h */,
				84B2773D25FFBCEA00EA550D /* AppDelegate.m */,
				84B2774225FFBCEA00EA550D /* ListViewController.h */,
				84B2774325FFBCEA00EA550D /* ListViewController.m */,
				84B2775825FFBD5F00EA550D /* NewsViewController.h */,
				84B2775925FFBD5F00EA550D /* NewsViewController.m */,
				84B2774825FFBCEB00EA550D /* Assets.xcassets */,
				84B2774A25FFBCEB00EA550D /* LaunchScreen.storyboard */,
				84B2774D25FFBCEB00EA550D /* Info.plist */,
				84B2774E25FFBCEB00EA550D /* main.m */,
			);
			path = "News List";
			sourceTree = "<group>";
		};
		84B2775D25FFBD7700EA550D /* Cell */ = {
			isa = PBXGroup;
			children = (
				84B2775E25FFBD9900EA550D /* NewsViewCell.h */,
				84B2775F25FFBD9900EA550D /* NewsViewCell.m */,
			);
			path = Cell;
			sourceTree = "<group>";
		};
		84B2776325FFC41300EA550D /* Model */ = {
			isa = PBXGroup;
			children = (
				84B2776425FFC42900EA550D /* News.h */,
				84B2776525FFC42900EA550D /* News.m */,
			);
			path = Model;
			sourceTree = "<group>";
		};
/* End PBXGroup section */

/* Begin PBXNativeTarget section */
		84B2773825FFBCEA00EA550D /* News List */ = {
			isa = PBXNativeTarget;
			buildConfigurationList = 84B2775225FFBCEB00EA550D /* Build configuration list for PBXNativeTarget "News List" */;
			buildPhases = (
				84B2773525FFBCEA00EA550D /* Sources */,
				84B2773625FFBCEA00EA550D /* Frameworks */,
				84B2773725FFBCEA00EA550D /* Resources */,
			);
			buildRules = (
			);
			dependencies = (
			);
			name = "News List";
			productName = "News List";
			productReference = 84B2773925FFBCEA00EA550D /* News List.app */;
			productType = "com.apple.product-type.application";
		};
/* End PBXNativeTarget section */

/* Begin PBXProject section */
		84B2773125FFBCEA00EA550D /* Project object */ = {
			isa = PBXProject;
			attributes = {
				LastUpgradeCheck = 1240;
				TargetAttributes = {
					84B2773825FFBCEA00EA550D = {
						CreatedOnToolsVersion = 12.4;
					};
				};
			};
			buildConfigurationList = 84B2773425FFBCEA00EA550D /* Build configuration list for PBXProject "News List" */;
			compatibilityVersion = "Xcode 9.3";
			developmentRegion = en;
			hasScannedForEncodings = 0;
			knownRegions = (
				en,
				Base,
			);
			mainGroup = 84B2773025FFBCEA00EA550D;
			productRefGroup = 84B2773A25FFBCEA00EA550D /* Products */;
			projectDirPath = "";
			projectRoot = "";
			targets = (
				84B2773825FFBCEA00EA550D /* News List */,
			);
		};
/* End PBXProject section */

/* Begin PBXResourcesBuildPhase section */
		84B2773725FFBCEA00EA550D /* Resources */ = {
			isa = PBXResourcesBuildPhase;
			buildActionMask = 2147483647;
			files = (
				84B2774C25FFBCEB00EA550D /* LaunchScreen.storyboard in Resources */,
				84B2774925FFBCEB00EA550D /* Assets.xcassets in Resources */,
			);
			runOnlyForDeploymentPostprocessing = 0;
		};
/* End PBXResourcesBuildPhase section */

/* Begin PBXSourcesBuildPhase section */
		84B2773525FFBCEA00EA550D /* Sources */ = {
			isa = PBXSourcesBuildPhase;
			buildActionMask = 2147483647;
			files = (
				84B2774425FFBCEA00EA550D /* ListViewController.m in Sources */,
				84B2773E25FFBCEA00EA550D /* AppDelegate.m in Sources */,
				84B2776625FFC42900EA550D /* News.m in Sources */,
				84B2774F25FFBCEB00EA550D /* main.m in Sources */,
				84B2776025FFBD9900EA550D /* NewsViewCell.m in Sources */,
				84B2775A25FFBD5F00EA550D /* NewsViewController.m in Sources */,
			);
			runOnlyForDeploymentPostprocessing = 0;
		};
/* End PBXSourcesBuildPhase section */

/* Begin PBXVariantGroup section */
		84B2774A25FFBCEB00EA550D /* LaunchScreen.storyboard */ = {
			isa = PBXVariantGroup;
			children = (
				84B2774B25FFBCEB00EA550D /* Base */,
			);
			name = LaunchScreen.storyboard;
			sourceTree = "<group>";
		};
/* End PBXVariantGroup section */

/* Begin XCBuildConfiguration section */
		84B2775025FFBCEB00EA550D /* Debug */ = {
			isa = XCBuildConfiguration;
			buildSettings = {
				ALWAYS_SEARCH_USER_PATHS = NO;
				CLANG_ANALYZER_NONNULL = YES;
				CLANG_ANALYZER_NUMBER_OBJECT_CONVERSION = YES_AGGRESSIVE;
				CLANG_CXX_LANGUAGE_STANDARD = "gnu++14";
				CLANG_CXX_LIBRARY = "libc++";
				CLANG_ENABLE_MODULES = YES;
				CLANG_ENABLE_OBJC_ARC = YES;
				CLANG_ENABLE_OBJC_WEAK = YES;
				CLANG_WARN_BLOCK_CAPTURE_AUTORELEASING = YES;
				CLANG_WARN_BOOL_CONVERSION = YES;
				CLANG_WARN_COMMA = YES;
				CLANG_WARN_CONSTANT_CONVERSION = YES;
				CLANG_WARN_DEPRECATED_OBJC_IMPLEMENTATIONS = YES;
				CLANG_WARN_DIRECT_OBJC_ISA_USAGE = YES_ERROR;
				CLANG_WARN_DOCUMENTATION_COMMENTS = YES;
				CLANG_WARN_EMPTY_BODY = YES;
				CLANG_WARN_ENUM_CONVERSION = YES;
				CLANG_WARN_INFINITE_RECURSION = YES;
				CLANG_WARN_INT_CONVERSION = YES;
				CLANG_WARN_NON_LITERAL_NULL_CONVERSION = YES;
				CLANG_WARN_OBJC_IMPLICIT_RETAIN_SELF = YES;
				CLANG_WARN_OBJC_LITERAL_CONVERSION = YES;
				CLANG_WARN_OBJC_ROOT_CLASS = YES_ERROR;
				CLANG_WARN_QUOTED_INCLUDE_IN_FRAMEWORK_HEADER = YES;
				CLANG_WARN_RANGE_LOOP_ANALYSIS = YES;
				CLANG_WARN_STRICT_PROTOTYPES = YES;
				CLANG_WARN_SUSPICIOUS_MOVE = YES;
				CLANG_WARN_UNGUARDED_AVAILABILITY = YES_AGGRESSIVE;
				CLANG_WARN_UNREACHABLE_CODE = YES;
				CLANG_WARN__DUPLICATE_METHOD_MATCH = YES;
				COPY_PHASE_STRIP = NO;
				DEBUG_INFORMATION_FORMAT = dwarf;
				ENABLE_STRICT_OBJC_MSGSEND = YES;
				ENABLE_TESTABILITY = YES;
				GCC_C_LANGUAGE_STANDARD = gnu11;
				GCC_DYNAMIC_NO_PIC = NO;
				GCC_NO_COMMON_BLOCKS = YES;
				GCC_OPTIMIZATION_LEVEL = 0;
				GCC_PREPROCESSOR_DEFINITIONS = (
					"DEBUG=1",
					"$(inherited)",
				);
				GCC_WARN_64_TO_32_BIT_CONVERSION = YES;
				GCC_WARN_ABOUT_RETURN_TYPE = YES_ERROR;
				GCC_WARN_UNDECLARED_SELECTOR = YES;
				GCC_WARN_UNINITIALIZED_AUTOS = YES_AGGRESSIVE;
				GCC_WARN_UNUSED_FUNCTION = YES;
				GCC_WARN_UNUSED_VARIABLE = YES;
				IPHONEOS_DEPLOYMENT_TARGET = 14.4;
				MTL_ENABLE_DEBUG_INFO = INCLUDE_SOURCE;
				MTL_FAST_MATH = YES;
				ONLY_ACTIVE_ARCH = YES;
				SDKROOT = iphoneos;
			};
			name = Debug;
		};
		84B2775125FFBCEB00EA550D /* Release */ = {
			isa = XCBuildConfiguration;
			buildSettings = {
				ALWAYS_SEARCH_USER_PATHS = NO;
				CLANG_ANALYZER_NONNULL = YES;
				CLANG_ANALYZER_NUMBER_OBJECT_CONVERSION = YES_AGGRESSIVE;
				CLANG_CXX_LANGUAGE_STANDARD = "gnu++14";
				CLANG_CXX_LIBRARY = "libc++";
				CLANG_ENABLE_MODULES = YES;
				CLANG_ENABLE_OBJC_ARC = YES;
				CLANG_ENABLE_OBJC_WEAK = YES;
				CLANG_WARN_BLOCK_CAPTURE_AUTORELEASING = YES;
				CLANG_WARN_BOOL_CONVERSION = YES;
				CLANG_WARN_COMMA = YES;
				CLANG_WARN_CONSTANT_CONVERSION = YES;
				CLANG_WARN_DEPRECATED_OBJC_IMPLEMENTATIONS = YES;
				CLANG_WARN_DIRECT_OBJC_ISA_USAGE = YES_ERROR;
				CLANG_WARN_DOCUMENTATION_COMMENTS = YES;
				CLANG_WARN_EMPTY_BODY = YES;
				CLANG_WARN_ENUM_CONVERSION = YES;
				CLANG_WARN_INFINITE_RECURSION = YES;
				CLANG_WARN_INT_CONVERSION = YES;
				CLANG_WARN_NON_LITERAL_NULL_CONVERSION = YES;
				CLANG_WARN_OBJC_IMPLICIT_RETAIN_SELF = YES;
				CLANG_WARN_OBJC_LITERAL_CONVERSION = YES;
				CLANG_WARN_OBJC_ROOT_CLASS = YES_ERROR;
				CLANG_WARN_QUOTED_INCLUDE_IN_FRAMEWORK_HEADER = YES;
				CLANG_WARN_RANGE_LOOP_ANALYSIS = YES;
				CLANG_WARN_STRICT_PROTOTYPES = YES;
				CLANG_WARN_SUSPICIOUS_MOVE = YES;
				CLANG_WARN_UNGUARDED_AVAILABILITY = YES_AGGRESSIVE;
				CLANG_WARN_UNREACHABLE_CODE = YES;
				CLANG_WARN__DUPLICATE_METHOD_MATCH = YES;
				COPY_PHASE_STRIP = NO;
				DEBUG_INFORMATION_FORMAT = "dwarf-with-dsym";
				ENABLE_NS_ASSERTIONS = NO;
				ENABLE_STRICT_OBJC_MSGSEND = YES;
				GCC_C_LANGUAGE_STANDARD = gnu11;
				GCC_NO_COMMON_BLOCKS = YES;
				GCC_WARN_64_TO_32_BIT_CONVERSION = YES;
				GCC_WARN_ABOUT_RETURN_TYPE = YES_ERROR;
				GCC_WARN_UNDECLARED_SELECTOR = YES;
				GCC_WARN_UNINITIALIZED_AUTOS = YES_AGGRESSIVE;
				GCC_WARN_UNUSED_FUNCTION = YES;
				GCC_WARN_UNUSED_VARIABLE = YES;
				IPHONEOS_DEPLOYMENT_TARGET = 14.4;
				MTL_ENABLE_DEBUG_INFO = NO;
				MTL_FAST_MATH = YES;
				SDKROOT = iphoneos;
				VALIDATE_PRODUCT = YES;
			};
			name = Release;
		};
		84B2775325FFBCEB00EA550D /* Debug */ = {
			isa = XCBuildConfiguration;
			buildSettings = {
				ASSETCATALOG_COMPILER_APPICON_NAME = AppIcon;
				ASSETCATALOG_COMPILER_GLOBAL_ACCENT_COLOR_NAME = AccentColor;
				CODE_SIGN_STYLE = Automatic;
				DEVELOPMENT_TEAM = 58ZQ5G77TJ;
				INFOPLIST_FILE = "News List/Info.plist";
				LD_RUNPATH_SEARCH_PATHS = (
					"$(inherited)",
					"@executable_path/Frameworks",
				);
				PRODUCT_BUNDLE_IDENTIFIER = "com.LearnLab.News-List";
				PRODUCT_NAME = "$(TARGET_NAME)";
				TARGETED_DEVICE_FAMILY = "1,2";
			};
			name = Debug;
		};
		84B2775425FFBCEB00EA550D /* Release */ = {
			isa = XCBuildConfiguration;
			buildSettings = {
				ASSETCATALOG_COMPILER_APPICON_NAME = AppIcon;
				ASSETCATALOG_COMPILER_GLOBAL_ACCENT_COLOR_NAME = AccentColor;
				CODE_SIGN_STYLE = Automatic;
				DEVELOPMENT_TEAM = 58ZQ5G77TJ;
				INFOPLIST_FILE = "News List/Info.plist";
				LD_RUNPATH_SEARCH_PATHS = (
					"$(inherited)",
					"@executable_path/Frameworks",
				);
				PRODUCT_BUNDLE_IDENTIFIER = "com.LearnLab.News-List";
				PRODUCT_NAME = "$(TARGET_NAME)";
				TARGETED_DEVICE_FAMILY = "1,2";
			};
			name = Release;
		};
/* End XCBuildConfiguration section */

/* Begin XCConfigurationList section */
		84B2773425FFBCEA00EA550D /* Build configuration list for PBXProject "News List" */ = {
			isa = XCConfigurationList;
			buildConfigurations = (
				84B2775025FFBCEB00EA550D /* Debug */,
				84B2775125FFBCEB00EA550D /* Release */,
			);
			defaultConfigurationIsVisible = 0;
			defaultConfigurationName = Release;
		};
		84B2775225FFBCEB00EA550D /* Build configuration list for PBXNativeTarget "News List" */ = {
			isa = XCConfigurationList;
			buildConfigurations = (
				84B2775325FFBCEB00EA550D /* Debug */,
				84B2775425FFBCEB00EA550D /* Release */,
			);
			defaultConfigurationIsVisible = 0;
			defaultConfigurationName = Release;
		};
/* End XCConfigurationList section */
	};
	rootObject = 84B2773125FFBCEA00EA550D /* Project object */;
}
